
Microsoft Visual Studio Solution File, Format Version 12.00
# Visual Studio Version 17
VisualStudioVersion = 17.7.34009.444
MinimumVisualStudioVersion = 10.0.40219.1
Project("{FAE04EC0-301F-11D3-BF4B-00C04F79EFBC}") = "FunctionApp1", "FunctionApp1\FunctionApp1.csproj", "{1FB90644-02F8-42A2-9C2C-6A3D08BA8C7B}"
EndProject
Global
	GlobalSection(SolutionConfigurationPlatforms) = preSolution
		Debug|Any CPU = Debug|Any CPU
		Release|Any CPU = Release|Any CPU
	EndGlobalSection
	GlobalSection(ProjectConfigurationPlatforms) = postSolution
		{1FB90644-02F8-42A2-9C2C-6A3D08BA8C7B}.Debug|Any CPU.ActiveCfg = Debug|Any CPU
		{1FB90644-02F8-42A2-9C2C-6A3D08BA8C7B}.Debug|Any CPU.Build.0 = Debug|Any CPU
		{1FB90644-02F8-42A2-9C2C-6A3D08BA8C7B}.Release|Any CPU.ActiveCfg = Release|Any CPU
		{1FB90644-02F8-42A2-9C2C-6A3D08BA8C7B}.Release|Any CPU.Build.0 = Release|Any CPU
	EndGlobalSection
	GlobalSection(SolutionProperties) = preSolution
		HideSolutionNode = FALSE
	EndGlobalSection
	GlobalSection(ExtensibilityGlobals) = postSolution
		SolutionGuid = {17E18EC6-B6DB-477B-AE55-E5BF19E033AB}
	EndGlobalSection
EndGlobal
