
Microsoft Visual Studio Solution File, Format Version 12.00
# Visual Studio Version 17
VisualStudioVersion = 17.7.34031.279
MinimumVisualStudioVersion = 10.0.40219.1
Project("{FAE04EC0-301F-11D3-BF4B-00C04F79EFBC}") = "WeaatherForecastApp", "WeaatherForecastApp.csproj", "{C0E41D19-BAB9-4400-81D5-84F315C8B178}"
EndProject
Global
	GlobalSection(SolutionConfigurationPlatforms) = preSolution
		Debug|Any CPU = Debug|Any CPU
		Release|Any CPU = Release|Any CPU
	EndGlobalSection
	GlobalSection(ProjectConfigurationPlatforms) = postSolution
		{C0E41D19-BAB9-4400-81D5-84F315C8B178}.Debug|Any CPU.ActiveCfg = Debug|Any CPU
		{C0E41D19-BAB9-4400-81D5-84F315C8B178}.Debug|Any CPU.Build.0 = Debug|Any CPU
		{C0E41D19-BAB9-4400-81D5-84F315C8B178}.Release|Any CPU.ActiveCfg = Release|Any CPU
		{C0E41D19-BAB9-4400-81D5-84F315C8B178}.Release|Any CPU.Build.0 = Release|Any CPU
	EndGlobalSection
	GlobalSection(SolutionProperties) = preSolution
		HideSolutionNode = FALSE
	EndGlobalSection
	GlobalSection(ExtensibilityGlobals) = postSolution
		SolutionGuid = {15BC9BAD-2EB9-4E70-9DCF-03A8E6A2C809}
	EndGlobalSection
EndGlobal
